
Microsoft Visual Studio Solution File, Format Version 12.00
# Visual Studio Version 17
VisualStudioVersion = 17.2.32630.192
MinimumVisualStudioVersion = 10.0.40219.1
Project("{FAE04EC0-301F-11D3-BF4B-00C04F79EFBC}") = "POS", "POS\POS.csproj", "{C972F715-49CA-4AA4-A95C-3FA6B763C7B7}"
EndProject
Global
	GlobalSection(SolutionConfigurationPlatforms) = preSolution
		Debug|Any CPU = Debug|Any CPU
		Release|Any CPU = Release|Any CPU
	EndGlobalSection
	GlobalSection(ProjectConfigurationPlatforms) = postSolution
		{C972F715-49CA-4AA4-A95C-3FA6B763C7B7}.Debug|Any CPU.ActiveCfg = Debug|Any CPU
		{C972F715-49CA-4AA4-A95C-3FA6B763C7B7}.Debug|Any CPU.Build.0 = Debug|Any CPU
		{C972F715-49CA-4AA4-A95C-3FA6B763C7B7}.Release|Any CPU.ActiveCfg = Release|Any CPU
		{C972F715-49CA-4AA4-A95C-3FA6B763C7B7}.Release|Any CPU.Build.0 = Release|Any CPU
	EndGlobalSection
	GlobalSection(SolutionProperties) = preSolution
		HideSolutionNode = FALSE
	EndGlobalSection
	GlobalSection(ExtensibilityGlobals) = postSolution
		SolutionGuid = {2FE3F129-E311-4889-9733-1EABD3400F4F}
	EndGlobalSection
EndGlobal
